hash: aa855531ae27449ee5b15adbda308ae97964fea2f663dcee33baf5f4b7c98bd6
updated: 2017-08-25T08:40:39.065590657+03:00
imports:
- name: github.com/go-pg/pg
  version: 3b0eccfa10f93b9e49edb9d44c363fa6b05527f4
- name: github.com/go-telegram-bot-api/telegram-bot-api
  version: 9dda67c714e5e2cba837b28a0172cca2ed54f078
testImports: []
