hash: 4e75532484ed9186b89fdb3eee214f947c5a773a0745b7dade21a581a146958a
updated: 2017-08-26T20:17:57.9976886+03:00
imports:
- name: github.com/go-pg/pg
  version: 6b379280e4b806f329f36da1710cabe134991509
  subpackages:
  - internal
  - internal/parser
  - internal/pool
  - orm
  - types
- name: github.com/go-telegram-bot-api/telegram-bot-api
  version: 9dda67c714e5e2cba837b28a0172cca2ed54f078
- name: github.com/jinzhu/inflection
  version: 1c35d901db3da928c72a72d8458480cc9ade058f
- name: github.com/lib/pq
  version: 165a3529e799da61ab10faed1fabff3662d6193f
  subpackages:
  - oid
- name: github.com/mattes/migrate
  version: 035c07716cd373d88456ec4d701402df52584cb4
  subpackages:
  - database
  - database/postgres
  - source
- name: github.com/technoweenie/multipartstreamer
  version: a90a01d73ae432e2611d178c18367fbaa13e0154
testImports: []
